// !$*UTF8*$!
{
	archiveVersion = 1;
	classes = {
	};
	objectVersion = 50;
	objects = {

/* Begin PBXBuildFile section */
		5B48A8E821656B690096AF8C /* ChatViewController.swift in Sources */ = {isa = PBXBuildFile; fileRef = 5B48A8E721656B690096AF8C /* ChatViewController.swift */; };
		5B48A8ED21657B220096AF8C /* ChatCell.swift in Sources */ = {isa = PBXBuildFile; fileRef = 5B48A8EC21657B220096AF8C /* ChatCell.swift */; };
		5B48A8EF21658E350096AF8C /* Post.swift in Sources */ = {isa = PBXBuildFile; fileRef = 5B48A8EE21658E350096AF8C /* Post.swift */; };
		5B886285215F4EC200AA7AFF /* AppDelegate.swift in Sources */ = {isa = PBXBuildFile; fileRef = 5B886284215F4EC200AA7AFF /* AppDelegate.swift */; };
		5B88628A215F4EC200AA7AFF /* Main.storyboard in Resources */ = {isa = PBXBuildFile; fileRef = 5B886288215F4EC200AA7AFF /* Main.storyboard */; };
		5B88628C215F4EC500AA7AFF /* Assets.xcassets in Resources */ = {isa = PBXBuildFile; fileRef = 5B88628B215F4EC500AA7AFF /* Assets.xcassets */; };
		5B88628F215F4EC500AA7AFF /* LaunchScreen.storyboard in Resources */ = {isa = PBXBuildFile; fileRef = 5B88628D215F4EC500AA7AFF /* LaunchScreen.storyboard */; };
		5B8862972163D3F900AA7AFF /* LogInViewController.swift in Sources */ = {isa = PBXBuildFile; fileRef = 5B8862962163D3F900AA7AFF /* LogInViewController.swift */; };
		5B88629A2163F97300AA7AFF /* SignUpViewController.swift in Sources */ = {isa = PBXBuildFile; fileRef = 5B8862992163F97300AA7AFF /* SignUpViewController.swift */; };
		5B88629C2165226A00AA7AFF /* extendedViewController.swift in Sources */ = {isa = PBXBuildFile; fileRef = 5B88629B2165226A00AA7AFF /* extendedViewController.swift */; };
		5C5F6778C3302A2F853ACAA0 /* Pods_Parse_Chat.framework in Frameworks */ = {isa = PBXBuildFile; fileRef = 8E36FF34DB0277B4E3CF1DD6 /* Pods_Parse_Chat.framework */; };
/* End PBXBuildFile section */

/* Begin PBXFileReference section */
		3861AE359F152B62E7DCEFE6 /* Pods-Parse_Chat.release.xcconfig */ = {isa = PBXFileReference; includeInIndex = 1; lastKnownFileType = text.xcconfig; name = "Pods-Parse_Chat.release.xcconfig"; path = "Pods/Target Support Files/Pods-Parse_Chat/Pods-Parse_Chat.release.xcconfig"; sourceTree = "<group>"; };
		5B48A8E721656B690096AF8C /* ChatViewController.swift */ = {isa = PBXFileReference; lastKnownFileType = sourcecode.swift; path = ChatViewController.swift; sourceTree = "<group>"; };
		5B48A8EC21657B220096AF8C /* ChatCell.swift */ = {isa = PBXFileReference; lastKnownFileType = sourcecode.swift; path = ChatCell.swift; sourceTree = "<group>"; };
		5B48A8EE21658E350096AF8C /* Post.swift */ = {isa = PBXFileReference; lastKnownFileType = sourcecode.swift; path = Post.swift; sourceTree = "<group>"; };
		5B886281215F4EC200AA7AFF /* Parse_Chat.app */ = {isa = PBXFileReference; explicitFileType = wrapper.application; includeInIndex = 0; path = Parse_Chat.app; sourceTree = BUILT_PRODUCTS_DIR; };
		5B886284215F4EC200AA7AFF /* AppDelegate.swift */ = {isa = PBXFileReference; lastKnownFileType = sourcecode.swift; path = AppDelegate.swift; sourceTree = "<group>"; };
		5B886289215F4EC200AA7AFF /* Base */ = {isa = PBXFileReference; lastKnownFileType = file.storyboard; name = Base; path = Base.lproj/Main.storyboard; sourceTree = "<group>"; };
		5B88628B215F4EC500AA7AFF /* Assets.xcassets */ = {isa = PBXFileReference; lastKnownFileType = folder.assetcatalog; path = Assets.xcassets; sourceTree = "<group>"; };
		5B88628E215F4EC500AA7AFF /* Base */ = {isa = PBXFileReference; lastKnownFileType = file.storyboard; name = Base; path = Base.lproj/LaunchScreen.storyboard; sourceTree = "<group>"; };
		5B886290215F4EC500AA7AFF /* Info.plist */ = {isa = PBXFileReference; lastKnownFileType = text.plist.xml; path = Info.plist; sourceTree = "<group>"; };
		5B8862962163D3F900AA7AFF /* LogInViewController.swift */ = {isa = PBXFileReference; lastKnownFileType = sourcecode.swift; path = LogInViewController.swift; sourceTree = "<group>"; };
		5B8862992163F97300AA7AFF /* SignUpViewController.swift */ = {isa = PBXFileReference; lastKnownFileType = sourcecode.swift; path = SignUpViewController.swift; sourceTree = "<group>"; };
		5B88629B2165226A00AA7AFF /* extendedViewController.swift */ = {isa = PBXFileReference; lastKnownFileType = sourcecode.swift; path = extendedViewController.swift; sourceTree = "<group>"; };
		80FCC3A68BC2F1937B12231D /* Pods-Parse_Chat.debug.xcconfig */ = {isa = PBXFileReference; includeInIndex = 1; lastKnownFileType = text.xcconfig; name = "Pods-Parse_Chat.debug.xcconfig"; path = "Pods/Target Support Files/Pods-Parse_Chat/Pods-Parse_Chat.debug.xcconfig"; sourceTree = "<group>"; };
		8E36FF34DB0277B4E3CF1DD6 /* Pods_Parse_Chat.framework */ = {isa = PBXFileReference; explicitFileType = wrapper.framework; includeInIndex = 0; path = Pods_Parse_Chat.framework; sourceTree = BUILT_PRODUCTS_DIR; };
/* End PBXFileReference section */

/* Begin PBXFrameworksBuildPhase section */
		5B88627E215F4EC200AA7AFF /* Frameworks */ = {
			isa = PBXFrameworksBuildPhase;
			buildActionMask = 2147483647;
			files = (
				5C5F6778C3302A2F853ACAA0 /* Pods_Parse_Chat.framework in Frameworks */,
			);
			runOnlyForDeploymentPostprocessing = 0;
		};
/* End PBXFrameworksBuildPhase section */

/* Begin PBXGroup section */
		5B48A8E921657ADB0096AF8C /* Views */ = {
			isa = PBXGroup;
			children = (
				5B48A8EC21657B220096AF8C /* ChatCell.swift */,
				5B48A8EE21658E350096AF8C /* Post.swift */,
			);
			path = Views;
			sourceTree = "<group>";
		};
		5B886278215F4EC200AA7AFF = {
			isa = PBXGroup;
			children = (
				5B886283215F4EC200AA7AFF /* Parse_Chat */,
				5B886282215F4EC200AA7AFF /* Products */,
				90B7536C250799DFC43987B2 /* Pods */,
				D7C24F15DC941B8158256B52 /* Frameworks */,
			);
			sourceTree = "<group>";
		};
		5B886282215F4EC200AA7AFF /* Products */ = {
			isa = PBXGroup;
			children = (
				5B886281215F4EC200AA7AFF /* Parse_Chat.app */,
			);
			name = Products;
			sourceTree = "<group>";
		};
		5B886283215F4EC200AA7AFF /* Parse_Chat */ = {
			isa = PBXGroup;
			children = (
				5B48A8E921657ADB0096AF8C /* Views */,
				5B8862982163F94500AA7AFF /* ViewControllers */,
				5B886284215F4EC200AA7AFF /* AppDelegate.swift */,
				5B886288215F4EC200AA7AFF /* Main.storyboard */,
				5B88628B215F4EC500AA7AFF /* Assets.xcassets */,
				5B88628D215F4EC500AA7AFF /* LaunchScreen.storyboard */,
				5B886290215F4EC500AA7AFF /* Info.plist */,
			);
			path = Parse_Chat;
			sourceTree = "<group>";
		};
		5B8862982163F94500AA7AFF /* ViewControllers */ = {
			isa = PBXGroup;
			children = (
				5B8862962163D3F900AA7AFF /* LogInViewController.swift */,
				5B8862992163F97300AA7AFF /* SignUpViewController.swift */,
				5B88629B2165226A00AA7AFF /* extendedViewController.swift */,
				5B48A8E721656B690096AF8C /* ChatViewController.swift */,
			);
			path = ViewControllers;
			sourceTree = "<group>";
		};
		90B7536C250799DFC43987B2 /* Pods */ = {
			isa = PBXGroup;
			children = (
				80FCC3A68BC2F1937B12231D /* Pods-Parse_Chat.debug.xcconfig */,
				3861AE359F152B62E7DCEFE6 /* Pods-Parse_Chat.release.xcconfig */,
			);
			name = Pods;
			sourceTree = "<group>";
		};
		D7C24F15DC941B8158256B52 /* Frameworks */ = {
			isa = PBXGroup;
			children = (
				8E36FF34DB0277B4E3CF1DD6 /* Pods_Parse_Chat.framework */,
			);
			name = Frameworks;
			sourceTree = "<group>";
		};
/* End PBXGroup section */

/* Begin PBXNativeTarget section */
		5B886280215F4EC200AA7AFF /* Parse_Chat */ = {
			isa = PBXNativeTarget;
			buildConfigurationList = 5B886293215F4EC500AA7AFF /* Build configuration list for PBXNativeTarget "Parse_Chat" */;
			buildPhases = (
				622A6D8C4C9BB212A8ECE1EA /* [CP] Check Pods Manifest.lock */,
				5B88627D215F4EC200AA7AFF /* Sources */,
				5B88627E215F4EC200AA7AFF /* Frameworks */,
				5B88627F215F4EC200AA7AFF /* Resources */,
				F6E60AF4CEF6599A1C459ECA /* [CP] Embed Pods Frameworks */,
			);
			buildRules = (
			);
			dependencies = (
			);
			name = Parse_Chat;
			productName = Parse_Chat;
			productReference = 5B886281215F4EC200AA7AFF /* Parse_Chat.app */;
			productType = "com.apple.product-type.application";
		};
/* End PBXNativeTarget section */

/* Begin PBXProject section */
		5B886279215F4EC200AA7AFF /* Project object */ = {
			isa = PBXProject;
			attributes = {
				LastSwiftUpdateCheck = 0940;
				LastUpgradeCheck = 0940;
				ORGANIZATIONNAME = "Jacob Frick";
				TargetAttributes = {
					5B886280215F4EC200AA7AFF = {
						CreatedOnToolsVersion = 9.4.1;
					};
				};
			};
			buildConfigurationList = 5B88627C215F4EC200AA7AFF /* Build configuration list for PBXProject "Parse_Chat" */;
			compatibilityVersion = "Xcode 9.3";
			developmentRegion = en;
			hasScannedForEncodings = 0;
			knownRegions = (
				en,
				Base,
			);
			mainGroup = 5B886278215F4EC200AA7AFF;
			productRefGroup = 5B886282215F4EC200AA7AFF /* Products */;
			projectDirPath = "";
			projectRoot = "";
			targets = (
				5B886280215F4EC200AA7AFF /* Parse_Chat */,
			);
		};
/* End PBXProject section */

/* Begin PBXResourcesBuildPhase section */
		5B88627F215F4EC200AA7AFF /* Resources */ = {
			isa = PBXResourcesBuildPhase;
			buildActionMask = 2147483647;
			files = (
				5B88628F215F4EC500AA7AFF /* LaunchScreen.storyboard in Resources */,
				5B88628C215F4EC500AA7AFF /* Assets.xcassets in Resources */,
				5B88628A215F4EC200AA7AFF /* Main.storyboard in Resources */,
			);
			runOnlyForDeploymentPostprocessing = 0;
		};
/* End PBXResourcesBuildPhase section */

/* Begin PBXShellScriptBuildPhase section */
		622A6D8C4C9BB212A8ECE1EA /* [CP] Check Pods Manifest.lock */ = {
			isa = PBXShellScriptBuildPhase;
			buildActionMask = 2147483647;
			files = (
			);
			inputPaths = (
				"${PODS_PODFILE_DIR_PATH}/Podfile.lock",
				"${PODS_ROOT}/Manifest.lock",
			);
			name = "[CP] Check Pods Manifest.lock";
			outputPaths = (
				"$(DERIVED_FILE_DIR)/Pods-Parse_Chat-checkManifestLockResult.txt",
			);
			runOnlyForDeploymentPostprocessing = 0;
			shellPath = /bin/sh;
			shellScript = "diff \"${PODS_PODFILE_DIR_PATH}/Podfile.lock\" \"${PODS_ROOT}/Manifest.lock\" > /dev/null\nif [ $? != 0 ] ; then\n    # print error to STDERR\n    echo \"error: The sandbox is not in sync with the Podfile.lock. Run 'pod install' or update your CocoaPods installation.\" >&2\n    exit 1\nfi\n# This output is used by Xcode 'outputs' to avoid re-running this script phase.\necho \"SUCCESS\" > \"${SCRIPT_OUTPUT_FILE_0}\"\n";
			showEnvVarsInLog = 0;
		};
		F6E60AF4CEF6599A1C459ECA /* [CP] Embed Pods Frameworks */ = {
			isa = PBXShellScriptBuildPhase;
			buildActionMask = 2147483647;
			files = (
			);
			inputPaths = (
				"${SRCROOT}/Pods/Target Support Files/Pods-Parse_Chat/Pods-Parse_Chat-frameworks.sh",
				"${BUILT_PRODUCTS_DIR}/Bolts/Bolts.framework",
				"${BUILT_PRODUCTS_DIR}/Parse/Parse.framework",
			);
			name = "[CP] Embed Pods Frameworks";
			outputPaths = (
				"${TARGET_BUILD_DIR}/${FRAMEWORKS_FOLDER_PATH}/Bolts.framework",
				"${TARGET_BUILD_DIR}/${FRAMEWORKS_FOLDER_PATH}/Parse.framework",
			);
			runOnlyForDeploymentPostprocessing = 0;
			shellPath = /bin/sh;
			shellScript = "\"${SRCROOT}/Pods/Target Support Files/Pods-Parse_Chat/Pods-Parse_Chat-frameworks.sh\"\n";
			showEnvVarsInLog = 0;
		};
/* End PBXShellScriptBuildPhase section */

/* Begin PBXSourcesBuildPhase section */
		5B88627D215F4EC200AA7AFF /* Sources */ = {
			isa = PBXSourcesBuildPhase;
			buildActionMask = 2147483647;
			files = (
				5B88629A2163F97300AA7AFF /* SignUpViewController.swift in Sources */,
				5B8862972163D3F900AA7AFF /* LogInViewController.swift in Sources */,
				5B886285215F4EC200AA7AFF /* AppDelegate.swift in Sources */,
				5B48A8E821656B690096AF8C /* ChatViewController.swift in Sources */,
				5B88629C2165226A00AA7AFF /* extendedViewController.swift in Sources */,
				5B48A8EF21658E350096AF8C /* Post.swift in Sources */,
				5B48A8ED21657B220096AF8C /* ChatCell.swift in Sources */,
			);
			runOnlyForDeploymentPostprocessing = 0;
		};
/* End PBXSourcesBuildPhase section */

/* Begin PBXVariantGroup section */
		5B886288215F4EC200AA7AFF /* Main.storyboard */ = {
			isa = PBXVariantGroup;
			children = (
				5B886289215F4EC200AA7AFF /* Base */,
			);
			name = Main.storyboard;
			sourceTree = "<group>";
		};
		5B88628D215F4EC500AA7AFF /* LaunchScreen.storyboard */ = {
			isa = PBXVariantGroup;
			children = (
				5B88628E215F4EC500AA7AFF /* Base */,
			);
			name = LaunchScreen.storyboard;
			sourceTree = "<group>";
		};
/* End PBXVariantGroup section */

/* Begin XCBuildConfiguration section */
		5B886291215F4EC500AA7AFF /* Debug */ = {
			isa = XCBuildConfiguration;
			buildSettings = {
				ALWAYS_SEARCH_USER_PATHS = NO;
				CLANG_ANALYZER_NONNULL = YES;
				CLANG_ANALYZER_NUMBER_OBJECT_CONVERSION = YES_AGGRESSIVE;
				CLANG_CXX_LANGUAGE_STANDARD = "gnu++14";
				CLANG_CXX_LIBRARY = "libc++";
				CLANG_ENABLE_MODULES = YES;
				CLANG_ENABLE_OBJC_ARC = YES;
				CLANG_ENABLE_OBJC_WEAK = YES;
				CLANG_WARN_BLOCK_CAPTURE_AUTORELEASING = YES;
				CLANG_WARN_BOOL_CONVERSION = YES;
				CLANG_WARN_COMMA = YES;
				CLANG_WARN_CONSTANT_CONVERSION = YES;
				CLANG_WARN_DEPRECATED_OBJC_IMPLEMENTATIONS = YES;
				CLANG_WARN_DIRECT_OBJC_ISA_USAGE = YES_ERROR;
				CLANG_WARN_DOCUMENTATION_COMMENTS = YES;
				CLANG_WARN_EMPTY_BODY = YES;
				CLANG_WARN_ENUM_CONVERSION = YES;
				CLANG_WARN_INFINITE_RECURSION = YES;
				CLANG_WARN_INT_CONVERSION = YES;
				CLANG_WARN_NON_LITERAL_NULL_CONVERSION = YES;
				CLANG_WARN_OBJC_IMPLICIT_RETAIN_SELF = YES;
				CLANG_WARN_OBJC_LITERAL_CONVERSION = YES;
				CLANG_WARN_OBJC_ROOT_CLASS = YES_ERROR;
				CLANG_WARN_RANGE_LOOP_ANALYSIS = YES;
				CLANG_WARN_STRICT_PROTOTYPES = YES;
				CLANG_WARN_SUSPICIOUS_MOVE = YES;
				CLANG_WARN_UNGUARDED_AVAILABILITY = YES_AGGRESSIVE;
				CLANG_WARN_UNREACHABLE_CODE = YES;
				CLANG_WARN__DUPLICATE_METHOD_MATCH = YES;
				CODE_SIGN_IDENTITY = "iPhone Developer";
				COPY_PHASE_STRIP = NO;
				DEBUG_INFORMATION_FORMAT = dwarf;
				ENABLE_STRICT_OBJC_MSGSEND = YES;
				ENABLE_TESTABILITY = YES;
				GCC_C_LANGUAGE_STANDARD = gnu11;
				GCC_DYNAMIC_NO_PIC = NO;
				GCC_NO_COMMON_BLOCKS = YES;
				GCC_OPTIMIZATION_LEVEL = 0;
				GCC_PREPROCESSOR_DEFINITIONS = (
					"DEBUG=1",
					"$(inherited)",
				);
				GCC_WARN_64_TO_32_BIT_CONVERSION = YES;
				GCC_WARN_ABOUT_RETURN_TYPE = YES_ERROR;
				GCC_WARN_UNDECLARED_SELECTOR = YES;
				GCC_WARN_UNINITIALIZED_AUTOS = YES_AGGRESSIVE;
				GCC_WARN_UNUSED_FUNCTION = YES;
				GCC_WARN_UNUSED_VARIABLE = YES;
				IPHONEOS_DEPLOYMENT_TARGET = 11.4;
				MTL_ENABLE_DEBUG_INFO = YES;
				ONLY_ACTIVE_ARCH = YES;
				SDKROOT = iphoneos;
				SWIFT_ACTIVE_COMPILATION_CONDITIONS = DEBUG;
				SWIFT_OPTIMIZATION_LEVEL = "-Onone";
			};
			name = Debug;
		};
		5B886292215F4EC500AA7AFF /* Release */ = {
			isa = XCBuildConfiguration;
			buildSettings = {
				ALWAYS_SEARCH_USER_PATHS = NO;
				CLANG_ANALYZER_NONNULL = YES;
				CLANG_ANALYZER_NUMBER_OBJECT_CONVERSION = YES_AGGRESSIVE;
				CLANG_CXX_LANGUAGE_STANDARD = "gnu++14";
				CLANG_CXX_LIBRARY = "libc++";
				CLANG_ENABLE_MODULES = YES;
				CLANG_ENABLE_OBJC_ARC = YES;
				CLANG_ENABLE_OBJC_WEAK = YES;
				CLANG_WARN_BLOCK_CAPTURE_AUTORELEASING = YES;
				CLANG_WARN_BOOL_CONVERSION = YES;
				CLANG_WARN_COMMA = YES;
				CLANG_WARN_CONSTANT_CONVERSION = YES;
				CLANG_WARN_DEPRECATED_OBJC_IMPLEMENTATIONS = YES;
				CLANG_WARN_DIRECT_OBJC_ISA_USAGE = YES_ERROR;
				CLANG_WARN_DOCUMENTATION_COMMENTS = YES;
				CLANG_WARN_EMPTY_BODY = YES;
				CLANG_WARN_ENUM_CONVERSION = YES;
				CLANG_WARN_INFINITE_RECURSION = YES;
				CLANG_WARN_INT_CONVERSION = YES;
				CLANG_WARN_NON_LITERAL_NULL_CONVERSION = YES;
				CLANG_WARN_OBJC_IMPLICIT_RETAIN_SELF = YES;
				CLANG_WARN_OBJC_LITERAL_CONVERSION = YES;
				CLANG_WARN_OBJC_ROOT_CLASS = YES_ERROR;
				CLANG_WARN_RANGE_LOOP_ANALYSIS = YES;
				CLANG_WARN_STRICT_PROTOTYPES = YES;
				CLANG_WARN_SUSPICIOUS_MOVE = YES;
				CLANG_WARN_UNGUARDED_AVAILABILITY = YES_AGGRESSIVE;
				CLANG_WARN_UNREACHABLE_CODE = YES;
				CLANG_WARN__DUPLICATE_METHOD_MATCH = YES;
				CODE_SIGN_IDENTITY = "iPhone Developer";
				COPY_PHASE_STRIP = NO;
				DEBUG_INFORMATION_FORMAT = "dwarf-with-dsym";
				ENABLE_NS_ASSERTIONS = NO;
				ENABLE_STRICT_OBJC_MSGSEND = YES;
				GCC_C_LANGUAGE_STANDARD = gnu11;
				GCC_NO_COMMON_BLOCKS = YES;
				GCC_WARN_64_TO_32_BIT_CONVERSION = YES;
				GCC_WARN_ABOUT_RETURN_TYPE = YES_ERROR;
				GCC_WARN_UNDECLARED_SELECTOR = YES;
				GCC_WARN_UNINITIALIZED_AUTOS = YES_AGGRESSIVE;
				GCC_WARN_UNUSED_FUNCTION = YES;
				GCC_WARN_UNUSED_VARIABLE = YES;
				IPHONEOS_DEPLOYMENT_TARGET = 11.4;
				MTL_ENABLE_DEBUG_INFO = NO;
				SDKROOT = iphoneos;
				SWIFT_COMPILATION_MODE = wholemodule;
				SWIFT_OPTIMIZATION_LEVEL = "-O";
				VALIDATE_PRODUCT = YES;
			};
			name = Release;
		};
		5B886294215F4EC500AA7AFF /* Debug */ = {
			isa = XCBuildConfiguration;
			baseConfigurationReference = 80FCC3A68BC2F1937B12231D /* Pods-Parse_Chat.debug.xcconfig */;
			buildSettings = {
				ASSETCATALOG_COMPILER_APPICON_NAME = AppIcon;
				CODE_SIGN_STYLE = Automatic;
				DEVELOPMENT_TEAM = F474DK74SA;
				INFOPLIST_FILE = Parse_Chat/Info.plist;
				LD_RUNPATH_SEARCH_PATHS = (
					"$(inherited)",
					"@executable_path/Frameworks",
				);
				PRODUCT_BUNDLE_IDENTIFIER = "CodePath.Parse-Chat";
				PRODUCT_NAME = "$(TARGET_NAME)";
				SWIFT_VERSION = 4.0;
				TARGETED_DEVICE_FAMILY = "1,2";
			};
			name = Debug;
		};
		5B886295215F4EC500AA7AFF /* Release */ = {
			isa = XCBuildConfiguration;
			baseConfigurationReference = 3861AE359F152B62E7DCEFE6 /* Pods-Parse_Chat.release.xcconfig */;
			buildSettings = {
				ASSETCATALOG_COMPILER_APPICON_NAME = AppIcon;
				CODE_SIGN_STYLE = Automatic;
				DEVELOPMENT_TEAM = F474DK74SA;
				INFOPLIST_FILE = Parse_Chat/Info.plist;
				LD_RUNPATH_SEARCH_PATHS = (
					"$(inherited)",
					"@executable_path/Frameworks",
				);
				PRODUCT_BUNDLE_IDENTIFIER = "CodePath.Parse-Chat";
				PRODUCT_NAME = "$(TARGET_NAME)";
				SWIFT_VERSION = 4.0;
				TARGETED_DEVICE_FAMILY = "1,2";
			};
			name = Release;
		};
/* End XCBuildConfiguration section */

/* Begin XCConfigurationList section */
		5B88627C215F4EC200AA7AFF /* Build configuration list for PBXProject "Parse_Chat" */ = {
			isa = XCConfigurationList;
			buildConfigurations = (
				5B886291215F4EC500AA7AFF /* Debug */,
				5B886292215F4EC500AA7AFF /* Release */,
			);
			defaultConfigurationIsVisible = 0;
			defaultConfigurationName = Release;
		};
		5B886293215F4EC500AA7AFF /* Build configuration list for PBXNativeTarget "Parse_Chat" */ = {
			isa = XCConfigurationList;
			buildConfigurations = (
				5B886294215F4EC500AA7AFF /* Debug */,
				5B886295215F4EC500AA7AFF /* Release */,
			);
			defaultConfigurationIsVisible = 0;
			defaultConfigurationName = Release;
		};
/* End XCConfigurationList section */
	};
	rootObject = 5B886279215F4EC200AA7AFF /* Project object */;
}
